// !$*UTF8*$!
{
	archiveVersion = 1;
	classes = {
	};
	objectVersion = 48;
	objects = {

/* Begin PBXBuildFile section */
		84E01912205AA82C00CC171C /* AppDelegate.swift in Sources */ = {isa = PBXBuildFile; fileRef = 84E01911205AA82C00CC171C /* AppDelegate.swift */; };
		84E01914205AA82C00CC171C /* ViewController.swift in Sources */ = {isa = PBXBuildFile; fileRef = 84E01913205AA82C00CC171C /* ViewController.swift */; };
		84E01917205AA82C00CC171C /* Main.storyboard in Resources */ = {isa = PBXBuildFile; fileRef = 84E01915205AA82C00CC171C /* Main.storyboard */; };
		84E01919205AA82C00CC171C /* Assets.xcassets in Resources */ = {isa = PBXBuildFile; fileRef = 84E01918205AA82C00CC171C /* Assets.xcassets */; };
		84E0191C205AA82C00CC171C /* LaunchScreen.storyboard in Resources */ = {isa = PBXBuildFile; fileRef = 84E0191A205AA82C00CC171C /* LaunchScreen.storyboard */; };
		84E01924205AA84400CC171C /* MockAPI.swift in Sources */ = {isa = PBXBuildFile; fileRef = 84E01923205AA84400CC171C /* MockAPI.swift */; };
		84E01926205AB50200CC171C /* DispatchHelper.swift in Sources */ = {isa = PBXBuildFile; fileRef = 84E01925205AB50200CC171C /* DispatchHelper.swift */; };
/* End PBXBuildFile section */

/* Begin PBXFileReference section */
		84E0190E205AA82C00CC171C /* DispatchGroupTest.app */ = {isa = PBXFileReference; explicitFileType = wrapper.application; includeInIndex = 0; path = DispatchGroupTest.app; sourceTree = BUILT_PRODUCTS_DIR; };
		84E01911205AA82C00CC171C /* AppDelegate.swift */ = {isa = PBXFileReference; lastKnownFileType = sourcecode.swift; path = AppDelegate.swift; sourceTree = "<group>"; };
		84E01913205AA82C00CC171C /* ViewController.swift */ = {isa = PBXFileReference; lastKnownFileType = sourcecode.swift; path = ViewController.swift; sourceTree = "<group>"; };
		84E01916205AA82C00CC171C /* Base */ = {isa = PBXFileReference; lastKnownFileType = file.storyboard; name = Base; path = Base.lproj/Main.storyboard; sourceTree = "<group>"; };
		84E01918205AA82C00CC171C /* Assets.xcassets */ = {isa = PBXFileReference; lastKnownFileType = folder.assetcatalog; path = Assets.xcassets; sourceTree = "<group>"; };
		84E0191B205AA82C00CC171C /* Base */ = {isa = PBXFileReference; lastKnownFileType = file.storyboard; name = Base; path = Base.lproj/LaunchScreen.storyboard; sourceTree = "<group>"; };
		84E0191D205AA82C00CC171C /* Info.plist */ = {isa = PBXFileReference; lastKnownFileType = text.plist.xml; path = Info.plist; sourceTree = "<group>"; };
		84E01923205AA84400CC171C /* MockAPI.swift */ = {isa = PBXFileReference; lastKnownFileType = sourcecode.swift; path = MockAPI.swift; sourceTree = "<group>"; };
		84E01925205AB50200CC171C /* DispatchHelper.swift */ = {isa = PBXFileReference; lastKnownFileType = sourcecode.swift; path = DispatchHelper.swift; sourceTree = "<group>"; };
/* End PBXFileReference section */

/* Begin PBXFrameworksBuildPhase section */
		84E0190B205AA82C00CC171C /* Frameworks */ = {
			isa = PBXFrameworksBuildPhase;
			buildActionMask = 2147483647;
			files = (
			);
			runOnlyForDeploymentPostprocessing = 0;
		};
/* End PBXFrameworksBuildPhase section */

/* Begin PBXGroup section */
		84E01905205AA82C00CC171C = {
			isa = PBXGroup;
			children = (
				84E01910205AA82C00CC171C /* DispatchGroupTest */,
				84E0190F205AA82C00CC171C /* Products */,
			);
			sourceTree = "<group>";
		};
		84E0190F205AA82C00CC171C /* Products */ = {
			isa = PBXGroup;
			children = (
				84E0190E205AA82C00CC171C /* DispatchGroupTest.app */,
			);
			name = Products;
			sourceTree = "<group>";
		};
		84E01910205AA82C00CC171C /* DispatchGroupTest */ = {
			isa = PBXGroup;
			children = (
				84E01911205AA82C00CC171C /* AppDelegate.swift */,
				84E01913205AA82C00CC171C /* ViewController.swift */,
				84E01915205AA82C00CC171C /* Main.storyboard */,
				84E01918205AA82C00CC171C /* Assets.xcassets */,
				84E0191A205AA82C00CC171C /* LaunchScreen.storyboard */,
				84E0191D205AA82C00CC171C /* Info.plist */,
				84E01923205AA84400CC171C /* MockAPI.swift */,
				84E01925205AB50200CC171C /* DispatchHelper.swift */,
			);
			path = DispatchGroupTest;
			sourceTree = "<group>";
		};
/* End PBXGroup section */

/* Begin PBXNativeTarget section */
		84E0190D205AA82C00CC171C /* DispatchGroupTest */ = {
			isa = PBXNativeTarget;
			buildConfigurationList = 84E01920205AA82C00CC171C /* Build configuration list for PBXNativeTarget "DispatchGroupTest" */;
			buildPhases = (
				84E0190A205AA82C00CC171C /* Sources */,
				84E0190B205AA82C00CC171C /* Frameworks */,
				84E0190C205AA82C00CC171C /* Resources */,
			);
			buildRules = (
			);
			dependencies = (
			);
			name = DispatchGroupTest;
			productName = DispatchGroupTest;
			productReference = 84E0190E205AA82C00CC171C /* DispatchGroupTest.app */;
			productType = "com.apple.product-type.application";
		};
/* End PBXNativeTarget section */

/* Begin PBXProject section */
		84E01906205AA82C00CC171C /* Project object */ = {
			isa = PBXProject;
			attributes = {
				LastSwiftUpdateCheck = 0920;
				LastUpgradeCheck = 0920;
				ORGANIZATIONNAME = "Trent Guillory";
				TargetAttributes = {
					84E0190D205AA82C00CC171C = {
						CreatedOnToolsVersion = 9.2;
						ProvisioningStyle = Automatic;
					};
				};
			};
			buildConfigurationList = 84E01909205AA82C00CC171C /* Build configuration list for PBXProject "DispatchGroupTest" */;
			compatibilityVersion = "Xcode 8.0";
			developmentRegion = en;
			hasScannedForEncodings = 0;
			knownRegions = (
				en,
				Base,
			);
			mainGroup = 84E01905205AA82C00CC171C;
			productRefGroup = 84E0190F205AA82C00CC171C /* Products */;
			projectDirPath = "";
			projectRoot = "";
			targets = (
				84E0190D205AA82C00CC171C /* DispatchGroupTest */,
			);
		};
/* End PBXProject section */

/* Begin PBXResourcesBuildPhase section */
		84E0190C205AA82C00CC171C /* Resources */ = {
			isa = PBXResourcesBuildPhase;
			buildActionMask = 2147483647;
			files = (
				84E0191C205AA82C00CC171C /* LaunchScreen.storyboard in Resources */,
				84E01919205AA82C00CC171C /* Assets.xcassets in Resources */,
				84E01917205AA82C00CC171C /* Main.storyboard in Resources */,
			);
			runOnlyForDeploymentPostprocessing = 0;
		};
/* End PBXResourcesBuildPhase section */

/* Begin PBXSourcesBuildPhase section */
		84E0190A205AA82C00CC171C /* Sources */ = {
			isa = PBXSourcesBuildPhase;
			buildActionMask = 2147483647;
			files = (
				84E01914205AA82C00CC171C /* ViewController.swift in Sources */,
				84E01924205AA84400CC171C /* MockAPI.swift in Sources */,
				84E01912205AA82C00CC171C /* AppDelegate.swift in Sources */,
				84E01926205AB50200CC171C /* DispatchHelper.swift in Sources */,
			);
			runOnlyForDeploymentPostprocessing = 0;
		};
/* End PBXSourcesBuildPhase section */

/* Begin PBXVariantGroup section */
		84E01915205AA82C00CC171C /* Main.storyboard */ = {
			isa = PBXVariantGroup;
			children = (
				84E01916205AA82C00CC171C /* Base */,
			);
			name = Main.storyboard;
			sourceTree = "<group>";
		};
		84E0191A205AA82C00CC171C /* LaunchScreen.storyboard */ = {
			isa = PBXVariantGroup;
			children = (
				84E0191B205AA82C00CC171C /* Base */,
			);
			name = LaunchScreen.storyboard;
			sourceTree = "<group>";
		};
/* End PBXVariantGroup section */

/* Begin XCBuildConfiguration section */
		84E0191E205AA82C00CC171C /* Debug */ = {
			isa = XCBuildConfiguration;
			buildSettings = {
				ALWAYS_SEARCH_USER_PATHS = NO;
				CLANG_ANALYZER_NONNULL = YES;
				CLANG_ANALYZER_NUMBER_OBJECT_CONVERSION = YES_AGGRESSIVE;
				CLANG_CXX_LANGUAGE_STANDARD = "gnu++14";
				CLANG_CXX_LIBRARY = "libc++";
				CLANG_ENABLE_MODULES = YES;
				CLANG_ENABLE_OBJC_ARC = YES;
				CLANG_WARN_BLOCK_CAPTURE_AUTORELEASING = YES;
				CLANG_WARN_BOOL_CONVERSION = YES;
				CLANG_WARN_COMMA = YES;
				CLANG_WARN_CONSTANT_CONVERSION = YES;
				CLANG_WARN_DIRECT_OBJC_ISA_USAGE = YES_ERROR;
				CLANG_WARN_DOCUMENTATION_COMMENTS = YES;
				CLANG_WARN_EMPTY_BODY = YES;
				CLANG_WARN_ENUM_CONVERSION = YES;
				CLANG_WARN_INFINITE_RECURSION = YES;
				CLANG_WARN_INT_CONVERSION = YES;
				CLANG_WARN_NON_LITERAL_NULL_CONVERSION = YES;
				CLANG_WARN_OBJC_LITERAL_CONVERSION = YES;
				CLANG_WARN_OBJC_ROOT_CLASS = YES_ERROR;
				CLANG_WARN_RANGE_LOOP_ANALYSIS = YES;
				CLANG_WARN_STRICT_PROTOTYPES = YES;
				CLANG_WARN_SUSPICIOUS_MOVE = YES;
				CLANG_WARN_UNGUARDED_AVAILABILITY = YES_AGGRESSIVE;
				CLANG_WARN_UNREACHABLE_CODE = YES;
				CLANG_WARN__DUPLICATE_METHOD_MATCH = YES;
				CODE_SIGN_IDENTITY = "iPhone Developer";
				COPY_PHASE_STRIP = NO;
				DEBUG_INFORMATION_FORMAT = dwarf;
				ENABLE_STRICT_OBJC_MSGSEND = YES;
				ENABLE_TESTABILITY = YES;
				GCC_C_LANGUAGE_STANDARD = gnu11;
				GCC_DYNAMIC_NO_PIC = NO;
				GCC_NO_COMMON_BLOCKS = YES;
				GCC_OPTIMIZATION_LEVEL = 0;
				GCC_PREPROCESSOR_DEFINITIONS = (
					"DEBUG=1",
					"$(inherited)",
				);
				GCC_WARN_64_TO_32_BIT_CONVERSION = YES;
				GCC_WARN_ABOUT_RETURN_TYPE = YES_ERROR;
				GCC_WARN_UNDECLARED_SELECTOR = YES;
				GCC_WARN_UNINITIALIZED_AUTOS = YES_AGGRESSIVE;
				GCC_WARN_UNUSED_FUNCTION = YES;
				GCC_WARN_UNUSED_VARIABLE = YES;
				IPHONEOS_DEPLOYMENT_TARGET = 11.2;
				MTL_ENABLE_DEBUG_INFO = YES;
				ONLY_ACTIVE_ARCH = YES;
				SDKROOT = iphoneos;
				SWIFT_ACTIVE_COMPILATION_CONDITIONS = DEBUG;
				SWIFT_OPTIMIZATION_LEVEL = "-Onone";
			};
			name = Debug;
		};
		84E0191F205AA82C00CC171C /* Release */ = {
			isa = XCBuildConfiguration;
			buildSettings = {
				ALWAYS_SEARCH_USER_PATHS = NO;
				CLANG_ANALYZER_NONNULL = YES;
				CLANG_ANALYZER_NUMBER_OBJECT_CONVERSION = YES_AGGRESSIVE;
				CLANG_CXX_LANGUAGE_STANDARD = "gnu++14";
				CLANG_CXX_LIBRARY = "libc++";
				CLANG_ENABLE_MODULES = YES;
				CLANG_ENABLE_OBJC_ARC = YES;
				CLANG_WARN_BLOCK_CAPTURE_AUTORELEASING = YES;
				CLANG_WARN_BOOL_CONVERSION = YES;
				CLANG_WARN_COMMA = YES;
				CLANG_WARN_CONSTANT_CONVERSION = YES;
				CLANG_WARN_DIRECT_OBJC_ISA_USAGE = YES_ERROR;
				CLANG_WARN_DOCUMENTATION_COMMENTS = YES;
				CLANG_WARN_EMPTY_BODY = YES;
				CLANG_WARN_ENUM_CONVERSION = YES;
				CLANG_WARN_INFINITE_RECURSION = YES;
				CLANG_WARN_INT_CONVERSION = YES;
				CLANG_WARN_NON_LITERAL_NULL_CONVERSION = YES;
				CLANG_WARN_OBJC_LITERAL_CONVERSION = YES;
				CLANG_WARN_OBJC_ROOT_CLASS = YES_ERROR;
				CLANG_WARN_RANGE_LOOP_ANALYSIS = YES;
				CLANG_WARN_STRICT_PROTOTYPES = YES;
				CLANG_WARN_SUSPICIOUS_MOVE = YES;
				CLANG_WARN_UNGUARDED_AVAILABILITY = YES_AGGRESSIVE;
				CLANG_WARN_UNREACHABLE_CODE = YES;
				CLANG_WARN__DUPLICATE_METHOD_MATCH = YES;
				CODE_SIGN_IDENTITY = "iPhone Developer";
				COPY_PHASE_STRIP = NO;
				DEBUG_INFORMATION_FORMAT = "dwarf-with-dsym";
				ENABLE_NS_ASSERTIONS = NO;
				ENABLE_STRICT_OBJC_MSGSEND = YES;
				GCC_C_LANGUAGE_STANDARD = gnu11;
				GCC_NO_COMMON_BLOCKS = YES;
				GCC_WARN_64_TO_32_BIT_CONVERSION = YES;
				GCC_WARN_ABOUT_RETURN_TYPE = YES_ERROR;
				GCC_WARN_UNDECLARED_SELECTOR = YES;
				GCC_WARN_UNINITIALIZED_AUTOS = YES_AGGRESSIVE;
				GCC_WARN_UNUSED_FUNCTION = YES;
				GCC_WARN_UNUSED_VARIABLE = YES;
				IPHONEOS_DEPLOYMENT_TARGET = 11.2;
				MTL_ENABLE_DEBUG_INFO = NO;
				SDKROOT = iphoneos;
				SWIFT_OPTIMIZATION_LEVEL = "-Owholemodule";
				VALIDATE_PRODUCT = YES;
			};
			name = Release;
		};
		84E01921205AA82C00CC171C /* Debug */ = {
			isa = XCBuildConfiguration;
			buildSettings = {
				ASSETCATALOG_COMPILER_APPICON_NAME = AppIcon;
				CODE_SIGN_STYLE = Automatic;
				DEVELOPMENT_TEAM = 3XTTWH436M;
				INFOPLIST_FILE = DispatchGroupTest/Info.plist;
				LD_RUNPATH_SEARCH_PATHS = "$(inherited) @executable_path/Frameworks";
				PRODUCT_BUNDLE_IDENTIFIER = com.trentguillory.DispatchGroupTest;
				PRODUCT_NAME = "$(TARGET_NAME)";
				SWIFT_VERSION = 4.0;
				TARGETED_DEVICE_FAMILY = "1,2";
			};
			name = Debug;
		};
		84E01922205AA82C00CC171C /* Release */ = {
			isa = XCBuildConfiguration;
			buildSettings = {
				ASSETCATALOG_COMPILER_APPICON_NAME = AppIcon;
				CODE_SIGN_STYLE = Automatic;
				DEVELOPMENT_TEAM = 3XTTWH436M;
				INFOPLIST_FILE = DispatchGroupTest/Info.plist;
				LD_RUNPATH_SEARCH_PATHS = "$(inherited) @executable_path/Frameworks";
				PRODUCT_BUNDLE_IDENTIFIER = com.trentguillory.DispatchGroupTest;
				PRODUCT_NAME = "$(TARGET_NAME)";
				SWIFT_VERSION = 4.0;
				TARGETED_DEVICE_FAMILY = "1,2";
			};
			name = Release;
		};
/* End XCBuildConfiguration section */

/* Begin XCConfigurationList section */
		84E01909205AA82C00CC171C /* Build configuration list for PBXProject "DispatchGroupTest" */ = {
			isa = XCConfigurationList;
			buildConfigurations = (
				84E0191E205AA82C00CC171C /* Debug */,
				84E0191F205AA82C00CC171C /* Release */,
			);
			defaultConfigurationIsVisible = 0;
			defaultConfigurationName = Release;
		};
		84E01920205AA82C00CC171C /* Build configuration list for PBXNativeTarget "DispatchGroupTest" */ = {
			isa = XCConfigurationList;
			buildConfigurations = (
				84E01921205AA82C00CC171C /* Debug */,
				84E01922205AA82C00CC171C /* Release */,
			);
			defaultConfigurationIsVisible = 0;
			defaultConfigurationName = Release;
		};
/* End XCConfigurationList section */
	};
	rootObject = 84E01906205AA82C00CC171C /* Project object */;
}
